
Microsoft Visual Studio Solution File, Format Version 12.00
# Visual Studio Version 17
VisualStudioVersion = 17.3.32811.315
MinimumVisualStudioVersion = 10.0.40219.1
Project("{FAE04EC0-301F-11D3-BF4B-00C04F79EFBC}") = "1. Two Sum", "1. Two Sum\1. Two Sum.csproj", "{59A67C8B-56D8-43E9-9523-8FA5D6D2F005}"
EndProject
Global
	GlobalSection(SolutionConfigurationPlatforms) = preSolution
		Debug|Any CPU = Debug|Any CPU
		Release|Any CPU = Release|Any CPU
	EndGlobalSection
	GlobalSection(ProjectConfigurationPlatforms) = postSolution
		{59A67C8B-56D8-43E9-9523-8FA5D6D2F005}.Debug|Any CPU.ActiveCfg = Debug|Any CPU
		{59A67C8B-56D8-43E9-9523-8FA5D6D2F005}.Debug|Any CPU.Build.0 = Debug|Any CPU
		{59A67C8B-56D8-43E9-9523-8FA5D6D2F005}.Release|Any CPU.ActiveCfg = Release|Any CPU
		{59A67C8B-56D8-43E9-9523-8FA5D6D2F005}.Release|Any CPU.Build.0 = Release|Any CPU
	EndGlobalSection
	GlobalSection(SolutionProperties) = preSolution
		HideSolutionNode = FALSE
	EndGlobalSection
	GlobalSection(ExtensibilityGlobals) = postSolution
		SolutionGuid = {85BB024E-E128-47C1-99B1-D27B1AD988B2}
	EndGlobalSection
EndGlobal
