
Microsoft Visual Studio Solution File, Format Version 12.00
# Visual Studio Version 17
VisualStudioVersion = 17.1.32228.430
MinimumVisualStudioVersion = 10.0.40219.1
Project("{FAE04EC0-301F-11D3-BF4B-00C04F79EFBC}") = "MVC_DataBase", "MVC_DataBase\MVC_DataBase.csproj", "{D9E2304F-FBAF-4224-A783-CB20D8367E88}"
EndProject
Global
	GlobalSection(SolutionConfigurationPlatforms) = preSolution
		Debug|Any CPU = Debug|Any CPU
		Release|Any CPU = Release|Any CPU
	EndGlobalSection
	GlobalSection(ProjectConfigurationPlatforms) = postSolution
		{D9E2304F-FBAF-4224-A783-CB20D8367E88}.Debug|Any CPU.ActiveCfg = Debug|Any CPU
		{D9E2304F-FBAF-4224-A783-CB20D8367E88}.Debug|Any CPU.Build.0 = Debug|Any CPU
		{D9E2304F-FBAF-4224-A783-CB20D8367E88}.Release|Any CPU.ActiveCfg = Release|Any CPU
		{D9E2304F-FBAF-4224-A783-CB20D8367E88}.Release|Any CPU.Build.0 = Release|Any CPU
	EndGlobalSection
	GlobalSection(SolutionProperties) = preSolution
		HideSolutionNode = FALSE
	EndGlobalSection
	GlobalSection(ExtensibilityGlobals) = postSolution
		SolutionGuid = {26FD994D-BBD3-4D1B-9AFA-20EBE2F4307E}
	EndGlobalSection
EndGlobal
