
Microsoft Visual Studio Solution File, Format Version 12.00
# Visual Studio Version 17
VisualStudioVersion = 17.1.32228.430
MinimumVisualStudioVersion = 10.0.40219.1
Project("{54A90642-561A-4BB1-A94E-469ADEE60C69}") = "HealthChec", "HealthChec\HealthChec.esproj", "{D563B4DA-B45F-475F-AA70-53116A198896}"
EndProject
Project("{FAE04EC0-301F-11D3-BF4B-00C04F79EFBC}") = "HealthCheckAPI", "HealthCheckAPI\HealthCheckAPI.csproj", "{DEECDCBA-2B84-420E-93F8-7316DAA06D98}"
EndProject
Global
	GlobalSection(SolutionConfigurationPlatforms) = preSolution
		Debug|Any CPU = Debug|Any CPU
		Release|Any CPU = Release|Any CPU
	EndGlobalSection
	GlobalSection(ProjectConfigurationPlatforms) = postSolution
		{D563B4DA-B45F-475F-AA70-53116A198896}.Debug|Any CPU.ActiveCfg = Debug|Any CPU
		{D563B4DA-B45F-475F-AA70-53116A198896}.Debug|Any CPU.Build.0 = Debug|Any CPU
		{D563B4DA-B45F-475F-AA70-53116A198896}.Debug|Any CPU.Deploy.0 = Debug|Any CPU
		{D563B4DA-B45F-475F-AA70-53116A198896}.Release|Any CPU.ActiveCfg = Release|Any CPU
		{D563B4DA-B45F-475F-AA70-53116A198896}.Release|Any CPU.Build.0 = Release|Any CPU
		{D563B4DA-B45F-475F-AA70-53116A198896}.Release|Any CPU.Deploy.0 = Release|Any CPU
		{DEECDCBA-2B84-420E-93F8-7316DAA06D98}.Debug|Any CPU.ActiveCfg = Debug|Any CPU
		{DEECDCBA-2B84-420E-93F8-7316DAA06D98}.Debug|Any CPU.Build.0 = Debug|Any CPU
		{DEECDCBA-2B84-420E-93F8-7316DAA06D98}.Release|Any CPU.ActiveCfg = Release|Any CPU
		{DEECDCBA-2B84-420E-93F8-7316DAA06D98}.Release|Any CPU.Build.0 = Release|Any CPU
	EndGlobalSection
	GlobalSection(SolutionProperties) = preSolution
		HideSolutionNode = FALSE
	EndGlobalSection
	GlobalSection(ExtensibilityGlobals) = postSolution
		SolutionGuid = {F30A2366-47FE-47B7-8223-98A99E0967D6}
	EndGlobalSection
EndGlobal
